
Microsoft Visual Studio Solution File, Format Version 12.00
# Visual Studio Version 17
VisualStudioVersion = 17.3.32825.248
MinimumVisualStudioVersion = 10.0.40219.1
Project("{888888A0-9F3D-457C-B088-3A5042F75D52}") = "Hey google what is the weather", "Hey google what is the weather.pyproj", "{23237393-09B9-4F3E-ACCA-858C9DEABB76}"
EndProject
Global
	GlobalSection(SolutionConfigurationPlatforms) = preSolution
		Debug|Any CPU = Debug|Any CPU
		Release|Any CPU = Release|Any CPU
	EndGlobalSection
	GlobalSection(ProjectConfigurationPlatforms) = postSolution
		{23237393-09B9-4F3E-ACCA-858C9DEABB76}.Debug|Any CPU.ActiveCfg = Debug|Any CPU
		{23237393-09B9-4F3E-ACCA-858C9DEABB76}.Release|Any CPU.ActiveCfg = Release|Any CPU
	EndGlobalSection
	GlobalSection(SolutionProperties) = preSolution
		HideSolutionNode = FALSE
	EndGlobalSection
	GlobalSection(ExtensibilityGlobals) = postSolution
		SolutionGuid = {0D4DBAC3-D2FE-45CA-8870-DADD06FF1BA8}
	EndGlobalSection
EndGlobal
